// !$*UTF8*$!
{
	archiveVersion = 1;
	classes = {
	};
	objectVersion = 50;
	objects = {

/* Begin PBXBuildFile section */
		2B2C9B54257F54910000FA82 /* SwiftUIChartsSampleAppApp.swift in Sources */ = {isa = PBXBuildFile; fileRef = 2B2C9B53257F54910000FA82 /* SwiftUIChartsSampleAppApp.swift */; };
		2B2C9B56257F54910000FA82 /* ContentView.swift in Sources */ = {isa = PBXBuildFile; fileRef = 2B2C9B55257F54910000FA82 /* ContentView.swift */; };
		2B2C9B58257F54950000FA82 /* Assets.xcassets in Resources */ = {isa = PBXBuildFile; fileRef = 2B2C9B57257F54950000FA82 /* Assets.xcassets */; };
		2B2C9B5B257F54950000FA82 /* Preview Assets.xcassets in Resources */ = {isa = PBXBuildFile; fileRef = 2B2C9B5A257F54950000FA82 /* Preview Assets.xcassets */; };
/* End PBXBuildFile section */

/* Begin PBXFileReference section */
		2B2C9B50257F54910000FA82 /* SwiftUIChartsSampleApp.app */ = {isa = PBXFileReference; explicitFileType = wrapper.application; includeInIndex = 0; path = SwiftUIChartsSampleApp.app; sourceTree = BUILT_PRODUCTS_DIR; };
		2B2C9B53257F54910000FA82 /* SwiftUIChartsSampleAppApp.swift */ = {isa = PBXFileReference; lastKnownFileType = sourcecode.swift; path = SwiftUIChartsSampleAppApp.swift; sourceTree = "<group>"; };
		2B2C9B55257F54910000FA82 /* ContentView.swift */ = {isa = PBXFileReference; lastKnownFileType = sourcecode.swift; path = ContentView.swift; sourceTree = "<group>"; };
		2B2C9B57257F54950000FA82 /* Assets.xcassets */ = {isa = PBXFileReference; lastKnownFileType = folder.assetcatalog; path = Assets.xcassets; sourceTree = "<group>"; };
		2B2C9B5A257F54950000FA82 /* Preview Assets.xcassets */ = {isa = PBXFileReference; lastKnownFileType = folder.assetcatalog; path = "Preview Assets.xcassets"; sourceTree = "<group>"; };
		2B2C9B5C257F54950000FA82 /* Info.plist */ = {isa = PBXFileReference; lastKnownFileType = text.plist.xml; path = Info.plist; sourceTree = "<group>"; };
/* End PBXFileReference section */

/* Begin PBXFrameworksBuildPhase section */
		2B2C9B4D257F54910000FA82 /* Frameworks */ = {
			isa = PBXFrameworksBuildPhase;
			buildActionMask = 2147483647;
			files = (
			);
			runOnlyForDeploymentPostprocessing = 0;
		};
/* End PBXFrameworksBuildPhase section */

/* Begin PBXGroup section */
		2B2C9B47257F54910000FA82 = {
			isa = PBXGroup;
			children = (
				2B2C9B52257F54910000FA82 /* SwiftUIChartsSampleApp */,
				2B2C9B51257F54910000FA82 /* Products */,
			);
			sourceTree = "<group>";
		};
		2B2C9B51257F54910000FA82 /* Products */ = {
			isa = PBXGroup;
			children = (
				2B2C9B50257F54910000FA82 /* SwiftUIChartsSampleApp.app */,
			);
			name = Products;
			sourceTree = "<group>";
		};
		2B2C9B52257F54910000FA82 /* SwiftUIChartsSampleApp */ = {
			isa = PBXGroup;
			children = (
				2B2C9B53257F54910000FA82 /* SwiftUIChartsSampleAppApp.swift */,
				2B2C9B55257F54910000FA82 /* ContentView.swift */,
				2B2C9B57257F54950000FA82 /* Assets.xcassets */,
				2B2C9B5C257F54950000FA82 /* Info.plist */,
				2B2C9B59257F54950000FA82 /* Preview Content */,
			);
			path = SwiftUIChartsSampleApp;
			sourceTree = "<group>";
		};
		2B2C9B59257F54950000FA82 /* Preview Content */ = {
			isa = PBXGroup;
			children = (
				2B2C9B5A257F54950000FA82 /* Preview Assets.xcassets */,
			);
			path = "Preview Content";
			sourceTree = "<group>";
		};
/* End PBXGroup section */

/* Begin PBXNativeTarget section */
		2B2C9B4F257F54910000FA82 /* SwiftUIChartsSampleApp */ = {
			isa = PBXNativeTarget;
			buildConfigurationList = 2B2C9B5F257F54950000FA82 /* Build configuration list for PBXNativeTarget "SwiftUIChartsSampleApp" */;
			buildPhases = (
				2B2C9B4C257F54910000FA82 /* Sources */,
				2B2C9B4D257F54910000FA82 /* Frameworks */,
				2B2C9B4E257F54910000FA82 /* Resources */,
			);
			buildRules = (
			);
			dependencies = (
			);
			name = SwiftUIChartsSampleApp;
			productName = SwiftUIChartsSampleApp;
			productReference = 2B2C9B50257F54910000FA82 /* SwiftUIChartsSampleApp.app */;
			productType = "com.apple.product-type.application";
		};
/* End PBXNativeTarget section */

/* Begin PBXProject section */
		2B2C9B48257F54910000FA82 /* Project object */ = {
			isa = PBXProject;
			attributes = {
				LastSwiftUpdateCheck = 1220;
				LastUpgradeCheck = 1220;
				TargetAttributes = {
					2B2C9B4F257F54910000FA82 = {
						CreatedOnToolsVersion = 12.2;
					};
				};
			};
			buildConfigurationList = 2B2C9B4B257F54910000FA82 /* Build configuration list for PBXProject "SwiftUIChartsSampleApp" */;
			compatibilityVersion = "Xcode 9.3";
			developmentRegion = en;
			hasScannedForEncodings = 0;
			knownRegions = (
				en,
				Base,
			);
			mainGroup = 2B2C9B47257F54910000FA82;
			productRefGroup = 2B2C9B51257F54910000FA82 /* Products */;
			projectDirPath = "";
			projectRoot = "";
			targets = (
				2B2C9B4F257F54910000FA82 /* SwiftUIChartsSampleApp */,
			);
		};
/* End PBXProject section */

/* Begin PBXResourcesBuildPhase section */
		2B2C9B4E257F54910000FA82 /* Resources */ = {
			isa = PBXResourcesBuildPhase;
			buildActionMask = 2147483647;
			files = (
				2B2C9B5B257F54950000FA82 /* Preview Assets.xcassets in Resources */,
				2B2C9B58257F54950000FA82 /* Assets.xcassets in Resources */,
			);
			runOnlyForDeploymentPostprocessing = 0;
		};
/* End PBXResourcesBuildPhase section */

/* Begin PBXSourcesBuildPhase section */
		2B2C9B4C257F54910000FA82 /* Sources */ = {
			isa = PBXSourcesBuildPhase;
			buildActionMask = 2147483647;
			files = (
				2B2C9B56257F54910000FA82 /* ContentView.swift in Sources */,
				2B2C9B54257F54910000FA82 /* SwiftUIChartsSampleAppApp.swift in Sources */,
			);
			runOnlyForDeploymentPostprocessing = 0;
		};
/* End PBXSourcesBuildPhase section */

/* Begin XCBuildConfiguration section */
		2B2C9B5D257F54950000FA82 /* Debug */ = {
			isa = XCBuildConfiguration;
			buildSettings = {
				ALWAYS_SEARCH_USER_PATHS = NO;
				CLANG_ANALYZER_NONNULL = YES;
				CLANG_ANALYZER_NUMBER_OBJECT_CONVERSION = YES_AGGRESSIVE;
				CLANG_CXX_LANGUAGE_STANDARD = "gnu++14";
				CLANG_CXX_LIBRARY = "libc++";
				CLANG_ENABLE_MODULES = YES;
				CLANG_ENABLE_OBJC_ARC = YES;
				CLANG_ENABLE_OBJC_WEAK = YES;
				CLANG_WARN_BLOCK_CAPTURE_AUTORELEASING = YES;
				CLANG_WARN_BOOL_CONVERSION = YES;
				CLANG_WARN_COMMA = YES;
				CLANG_WARN_CONSTANT_CONVERSION = YES;
				CLANG_WARN_DEPRECATED_OBJC_IMPLEMENTATIONS = YES;
				CLANG_WARN_DIRECT_OBJC_ISA_USAGE = YES_ERROR;
				CLANG_WARN_DOCUMENTATION_COMMENTS = YES;
				CLANG_WARN_EMPTY_BODY = YES;
				CLANG_WARN_ENUM_CONVERSION = YES;
				CLANG_WARN_INFINITE_RECURSION = YES;
				CLANG_WARN_INT_CONVERSION = YES;
				CLANG_WARN_NON_LITERAL_NULL_CONVERSION = YES;
				CLANG_WARN_OBJC_IMPLICIT_RETAIN_SELF = YES;
				CLANG_WARN_OBJC_LITERAL_CONVERSION = YES;
				CLANG_WARN_OBJC_ROOT_CLASS = YES_ERROR;
				CLANG_WARN_QUOTED_INCLUDE_IN_FRAMEWORK_HEADER = YES;
				CLANG_WARN_RANGE_LOOP_ANALYSIS = YES;
				CLANG_WARN_STRICT_PROTOTYPES = YES;
				CLANG_WARN_SUSPICIOUS_MOVE = YES;
				CLANG_WARN_UNGUARDED_AVAILABILITY = YES_AGGRESSIVE;
				CLANG_WARN_UNREACHABLE_CODE = YES;
				CLANG_WARN__DUPLICATE_METHOD_MATCH = YES;
				COPY_PHASE_STRIP = NO;
				DEBUG_INFORMATION_FORMAT = dwarf;
				ENABLE_STRICT_OBJC_MSGSEND = YES;
				ENABLE_TESTABILITY = YES;
				GCC_C_LANGUAGE_STANDARD = gnu11;
				GCC_DYNAMIC_NO_PIC = NO;
				GCC_NO_COMMON_BLOCKS = YES;
				GCC_OPTIMIZATION_LEVEL = 0;
				GCC_PREPROCESSOR_DEFINITIONS = (
					"DEBUG=1",
					"$(inherited)",
				);
				GCC_WARN_64_TO_32_BIT_CONVERSION = YES;
				GCC_WARN_ABOUT_RETURN_TYPE = YES_ERROR;
				GCC_WARN_UNDECLARED_SELECTOR = YES;
				GCC_WARN_UNINITIALIZED_AUTOS = YES_AGGRESSIVE;
				GCC_WARN_UNUSED_FUNCTION = YES;
				GCC_WARN_UNUSED_VARIABLE = YES;
				IPHONEOS_DEPLOYMENT_TARGET = 14.2;
				MTL_ENABLE_DEBUG_INFO = INCLUDE_SOURCE;
				MTL_FAST_MATH = YES;
				ONLY_ACTIVE_ARCH = YES;
				SDKROOT = iphoneos;
				SWIFT_ACTIVE_COMPILATION_CONDITIONS = DEBUG;
				SWIFT_OPTIMIZATION_LEVEL = "-Onone";
			};
			name = Debug;
		};
		2B2C9B5E257F54950000FA82 /* Release */ = {
			isa = XCBuildConfiguration;
			buildSettings = {
				ALWAYS_SEARCH_USER_PATHS = NO;
				CLANG_ANALYZER_NONNULL = YES;
				CLANG_ANALYZER_NUMBER_OBJECT_CONVERSION = YES_AGGRESSIVE;
				CLANG_CXX_LANGUAGE_STANDARD = "gnu++14";
				CLANG_CXX_LIBRARY = "libc++";
				CLANG_ENABLE_MODULES = YES;
				CLANG_ENABLE_OBJC_ARC = YES;
				CLANG_ENABLE_OBJC_WEAK = YES;
				CLANG_WARN_BLOCK_CAPTURE_AUTORELEASING = YES;
				CLANG_WARN_BOOL_CONVERSION = YES;
				CLANG_WARN_COMMA = YES;
				CLANG_WARN_CONSTANT_CONVERSION = YES;
				CLANG_WARN_DEPRECATED_OBJC_IMPLEMENTATIONS = YES;
				CLANG_WARN_DIRECT_OBJC_ISA_USAGE = YES_ERROR;
				CLANG_WARN_DOCUMENTATION_COMMENTS = YES;
				CLANG_WARN_EMPTY_BODY = YES;
				CLANG_WARN_ENUM_CONVERSION = YES;
				CLANG_WARN_INFINITE_RECURSION = YES;
				CLANG_WARN_INT_CONVERSION = YES;
				CLANG_WARN_NON_LITERAL_NULL_CONVERSION = YES;
				CLANG_WARN_OBJC_IMPLICIT_RETAIN_SELF = YES;
				CLANG_WARN_OBJC_LITERAL_CONVERSION = YES;
				CLANG_WARN_OBJC_ROOT_CLASS = YES_ERROR;
				CLANG_WARN_QUOTED_INCLUDE_IN_FRAMEWORK_HEADER = YES;
				CLANG_WARN_RANGE_LOOP_ANALYSIS = YES;
				CLANG_WARN_STRICT_PROTOTYPES = YES;
				CLANG_WARN_SUSPICIOUS_MOVE = YES;
				CLANG_WARN_UNGUARDED_AVAILABILITY = YES_AGGRESSIVE;
				CLANG_WARN_UNREACHABLE_CODE = YES;
				CLANG_WARN__DUPLICATE_METHOD_MATCH = YES;
				COPY_PHASE_STRIP = NO;
				DEBUG_INFORMATION_FORMAT = "dwarf-with-dsym";
				ENABLE_NS_ASSERTIONS = NO;
				ENABLE_STRICT_OBJC_MSGSEND = YES;
				GCC_C_LANGUAGE_STANDARD = gnu11;
				GCC_NO_COMMON_BLOCKS = YES;
				GCC_WARN_64_TO_32_BIT_CONVERSION = YES;
				GCC_WARN_ABOUT_RETURN_TYPE = YES_ERROR;
				GCC_WARN_UNDECLARED_SELECTOR = YES;
				GCC_WARN_UNINITIALIZED_AUTOS = YES_AGGRESSIVE;
				GCC_WARN_UNUSED_FUNCTION = YES;
				GCC_WARN_UNUSED_VARIABLE = YES;
				IPHONEOS_DEPLOYMENT_TARGET = 14.2;
				MTL_ENABLE_DEBUG_INFO = NO;
				MTL_FAST_MATH = YES;
				SDKROOT = iphoneos;
				SWIFT_COMPILATION_MODE = wholemodule;
				SWIFT_OPTIMIZATION_LEVEL = "-O";
				VALIDATE_PRODUCT = YES;
			};
			name = Release;
		};
		2B2C9B60257F54950000FA82 /* Debug */ = {
			isa = XCBuildConfiguration;
			buildSettings = {
				ASSETCATALOG_COMPILER_APPICON_NAME = AppIcon;
				ASSETCATALOG_COMPILER_GLOBAL_ACCENT_COLOR_NAME = AccentColor;
				CODE_SIGN_STYLE = Automatic;
				DEVELOPMENT_ASSET_PATHS = "\"SwiftUIChartsSampleApp/Preview Content\"";
				DEVELOPMENT_TEAM = 2WM7ZN4Y3K;
				ENABLE_PREVIEWS = YES;
				INFOPLIST_FILE = SwiftUIChartsSampleApp/Info.plist;
				IPHONEOS_DEPLOYMENT_TARGET = 14.0;
				LD_RUNPATH_SEARCH_PATHS = (
					"$(inherited)",
					"@executable_path/Frameworks",
				);
				PRODUCT_BUNDLE_IDENTIFIER = Ahooramazda.SwiftUIChartsSampleApp;
				PRODUCT_NAME = "$(TARGET_NAME)";
				SWIFT_VERSION = 5.0;
				TARGETED_DEVICE_FAMILY = "1,2";
			};
			name = Debug;
		};
		2B2C9B61257F54950000FA82 /* Release */ = {
			isa = XCBuildConfiguration;
			buildSettings = {
				ASSETCATALOG_COMPILER_APPICON_NAME = AppIcon;
				ASSETCATALOG_COMPILER_GLOBAL_ACCENT_COLOR_NAME = AccentColor;
				CODE_SIGN_STYLE = Automatic;
				DEVELOPMENT_ASSET_PATHS = "\"SwiftUIChartsSampleApp/Preview Content\"";
				DEVELOPMENT_TEAM = 2WM7ZN4Y3K;
				ENABLE_PREVIEWS = YES;
				INFOPLIST_FILE = SwiftUIChartsSampleApp/Info.plist;
				IPHONEOS_DEPLOYMENT_TARGET = 14.0;
				LD_RUNPATH_SEARCH_PATHS = (
					"$(inherited)",
					"@executable_path/Frameworks",
				);
				PRODUCT_BUNDLE_IDENTIFIER = Ahooramazda.SwiftUIChartsSampleApp;
				PRODUCT_NAME = "$(TARGET_NAME)";
				SWIFT_VERSION = 5.0;
				TARGETED_DEVICE_FAMILY = "1,2";
			};
			name = Release;
		};
/* End XCBuildConfiguration section */

/* Begin XCConfigurationList section */
		2B2C9B4B257F54910000FA82 /* Build configuration list for PBXProject "SwiftUIChartsSampleApp" */ = {
			isa = XCConfigurationList;
			buildConfigurations = (
				2B2C9B5D257F54950000FA82 /* Debug */,
				2B2C9B5E257F54950000FA82 /* Release */,
			);
			defaultConfigurationIsVisible = 0;
			defaultConfigurationName = Release;
		};
		2B2C9B5F257F54950000FA82 /* Build configuration list for PBXNativeTarget "SwiftUIChartsSampleApp" */ = {
			isa = XCConfigurationList;
			buildConfigurations = (
				2B2C9B60257F54950000FA82 /* Debug */,
				2B2C9B61257F54950000FA82 /* Release */,
			);
			defaultConfigurationIsVisible = 0;
			defaultConfigurationName = Release;
		};
/* End XCConfigurationList section */
	};
	rootObject = 2B2C9B48257F54910000FA82 /* Project object */;
}
